
Microsoft Visual Studio Solution File, Format Version 12.00
# Visual Studio 15
VisualStudioVersion = 15.0.28307.271
MinimumVisualStudioVersion = 10.0.40219.1
Project("{8BC9CEB8-8B4A-11D0-8D11-00A0C91BC942}") = "ColorBanding", "ColorBanding.vcxproj", "{611B29AF-3EE7-46BC-933E-B222A6F3A1B6}"
EndProject
Global
	GlobalSection(SolutionConfigurationPlatforms) = preSolution
		Debug|x64 = Debug|x64
		Release|x64 = Release|x64
	EndGlobalSection
	GlobalSection(ProjectConfigurationPlatforms) = postSolution
		{611B29AF-3EE7-46BC-933E-B222A6F3A1B6}.Debug|x64.ActiveCfg = Debug|x64
		{611B29AF-3EE7-46BC-933E-B222A6F3A1B6}.Debug|x64.Build.0 = Debug|x64
		{611B29AF-3EE7-46BC-933E-B222A6F3A1B6}.Release|x64.ActiveCfg = Release|x64
		{611B29AF-3EE7-46BC-933E-B222A6F3A1B6}.Release|x64.Build.0 = Release|x64
	EndGlobalSection
	GlobalSection(SolutionProperties) = preSolution
		HideSolutionNode = FALSE
	EndGlobalSection
	GlobalSection(ExtensibilityGlobals) = postSolution
		SolutionGuid = {3BCC38D0-1FDC-4FBF-B9E8-A91E59C28D4A}
	EndGlobalSection
EndGlobal
